
Microsoft Visual Studio Solution File, Format Version 12.00
# Visual Studio Version 17
VisualStudioVersion = 17.2.32602.215
MinimumVisualStudioVersion = 10.0.40219.1
Project("{9A19103F-16F7-4668-BE54-9A1E7A4F7556}") = "CevaCodeTest", "CevaCodeTest\CevaCodeTest.csproj", "{3871FBCE-7FEA-4C66-B9CB-8DEBBC7404B2}"
EndProject
Project("{2150E333-8FDC-42A3-9474-1A3956D46DE8}") = "Solution Items", "Solution Items", "{B56AB6E9-EFAE-497A-BF4B-F388C4CD060F}"
	ProjectSection(SolutionItems) = preProject
		.editorconfig = .editorconfig
	EndProjectSection
EndProject
Global
	GlobalSection(SolutionConfigurationPlatforms) = preSolution
		Debug|Any CPU = Debug|Any CPU
		Release|Any CPU = Release|Any CPU
	EndGlobalSection
	GlobalSection(ProjectConfigurationPlatforms) = postSolution
		{3871FBCE-7FEA-4C66-B9CB-8DEBBC7404B2}.Debug|Any CPU.ActiveCfg = Debug|Any CPU
		{3871FBCE-7FEA-4C66-B9CB-8DEBBC7404B2}.Debug|Any CPU.Build.0 = Debug|Any CPU
		{3871FBCE-7FEA-4C66-B9CB-8DEBBC7404B2}.Release|Any CPU.ActiveCfg = Release|Any CPU
		{3871FBCE-7FEA-4C66-B9CB-8DEBBC7404B2}.Release|Any CPU.Build.0 = Release|Any CPU
	EndGlobalSection
	GlobalSection(SolutionProperties) = preSolution
		HideSolutionNode = FALSE
	EndGlobalSection
	GlobalSection(ExtensibilityGlobals) = postSolution
		SolutionGuid = {89652913-CC71-432B-86B0-2F5EA1AC2E61}
	EndGlobalSection
EndGlobal
